
Microsoft Visual Studio Solution File, Format Version 12.00
# Visual Studio Version 16
VisualStudioVersion = 16.0.31911.196
MinimumVisualStudioVersion = 10.0.40219.1
Project("{FAE04EC0-301F-11D3-BF4B-00C04F79EFBC}") = "BarberShop28", "BarberShop28.csproj", "{CB26BB09-93F2-483F-8BFD-22E9F9DE83A3}"
EndProject
Global
	GlobalSection(SolutionConfigurationPlatforms) = preSolution
		Debug|Any CPU = Debug|Any CPU
		Release|Any CPU = Release|Any CPU
	EndGlobalSection
	GlobalSection(ProjectConfigurationPlatforms) = postSolution
		{CB26BB09-93F2-483F-8BFD-22E9F9DE83A3}.Debug|Any CPU.ActiveCfg = Debug|Any CPU
		{CB26BB09-93F2-483F-8BFD-22E9F9DE83A3}.Debug|Any CPU.Build.0 = Debug|Any CPU
		{CB26BB09-93F2-483F-8BFD-22E9F9DE83A3}.Release|Any CPU.ActiveCfg = Release|Any CPU
		{CB26BB09-93F2-483F-8BFD-22E9F9DE83A3}.Release|Any CPU.Build.0 = Release|Any CPU
	EndGlobalSection
	GlobalSection(SolutionProperties) = preSolution
		HideSolutionNode = FALSE
	EndGlobalSection
	GlobalSection(ExtensibilityGlobals) = postSolution
		SolutionGuid = {72B683E1-E0D0-4F1E-9473-7AC24AFB8504}
	EndGlobalSection
EndGlobal
